{
    "schema_version": 1,
    "plugins": [
        {
            "key": "fixture.delivery-record",
            "version": "1.0.0",
            "source": {
                "type": "canonical-contents",
                "reference": "canonical-plugin-contents-v1",
                "sha256": "459c02a102b5eb89bcf1f8ddb1ff0342c2674dee2167ed323dc4771f4e99e40d"
            },
            "composer": [
                {
                    "name": "peanut-business/fixture-delivery-record",
                    "version": "1.0.0",
                    "sha256": "a5862bdd2a37b5dade659e3b1a25ed8e56dea9a0d007901988602e2f68f6c551"
                }
            ],
            "npm": [
                {
                    "name": "@peanut-admin/fixture-delivery-record",
                    "version": "1.0.0",
                    "integrity": "sha256-ZVeub731LcGgH1dsSLVy0OfmRUD5NjUgSVT9hHRFqHs="
                }
            ],
            "frontend": [
                {
                    "client_key": "admin-web",
                    "package": "@peanut-admin/fixture-delivery-record",
                    "version": "1.0.0",
                    "entry": "web/src/modules/fixture-delivery-record/contribution.ts",
                    "sha256": "ddb64b2c302b8e9dd6c31b6c0df61c311dcca21b1f6c4a29128e761ea5901a3c"
                }
            ],
            "modules": [
                {
                    "key": "fixture.delivery-record",
                    "root": "server/app/Modules/Fixture/DeliveryRecord"
                }
            ],
            "manifest": "plugins/fixture.delivery-record/plugin.json",
            "manifest_sha256": "a18b8e2d31b3b1bc96704478453f531ee2faf1965111c93707c0b2856b4659a9"
        },
        {
            "key": "official.article",
            "version": "1.0.0",
            "source": {
                "type": "canonical-contents",
                "reference": "canonical-plugin-contents-v1",
                "sha256": "1e18acaa110cf7995f048982de010ee6b1c45c7f656f8e52520ffd1dc2ed4bc6"
            },
            "composer": [
                {
                    "name": "peanut-business/official-article",
                    "version": "1.0.0",
                    "sha256": "0d70212c546a2fa7b190f9ca77a5854eeadf9edad1e98b6da5285dd0172d4fc3"
                }
            ],
            "npm": [
                {
                    "name": "@peanut-admin/official-article",
                    "version": "1.0.0",
                    "integrity": "sha256-CT2Az249M0CTRSj6jltMKXQbSFSGjzapYLbHFkwv/GU="
                }
            ],
            "frontend": [
                {
                    "client_key": "admin-web",
                    "package": "@peanut-admin/official-article",
                    "version": "1.0.0",
                    "entry": "web/src/modules/official-article/contribution.ts",
                    "sha256": "3b4f605ea7ef0b52e6474128977dca4882ed1b941b9979bd5d445b5c596ed9ef"
                }
            ],
            "modules": [
                {
                    "key": "official.article",
                    "root": "server/app/Modules/Official/Article"
                }
            ],
            "manifest": "plugins/official.article/plugin.json",
            "manifest_sha256": "b42cf2a7d3672b155a3e0e9620d3e6c703f7b4345028b073bc6578990d39a3a1"
        },
        {
            "key": "official.file",
            "version": "1.0.0",
            "source": {
                "type": "canonical-contents",
                "reference": "canonical-plugin-contents-v1",
                "sha256": "91030fb7ec37b8bc448fe6c441bc777e19a9aa04d6c39fb61c5d9b7ee528ce4d"
            },
            "composer": [
                {
                    "name": "peanut-business/official-file",
                    "version": "1.0.0",
                    "sha256": "10979da8db2e35f62efbf3d03da7e7ee5802cf527cab22ccde42afaf3c9390e5"
                }
            ],
            "npm": [
                {
                    "name": "@peanut-admin/official-file",
                    "version": "1.0.0",
                    "integrity": "sha256-VJBlYTJu2a1z2wX9eVJjdUR+G6g8BHc4m32h8PVc05c="
                }
            ],
            "frontend": [
                {
                    "client_key": "admin-web",
                    "package": "@peanut-admin/official-file",
                    "version": "1.0.0",
                    "entry": "web/src/modules/official-file/contribution.ts",
                    "sha256": "088e59645ed33ad61179694feb01fddea811c68cd349173d10b37c77eabfebe6"
                }
            ],
            "modules": [
                {
                    "key": "official.file",
                    "root": "server/app/Modules/Official/File"
                }
            ],
            "manifest": "plugins/official.file/plugin.json",
            "manifest_sha256": "3bf33252a3cd7b01b252718a3792625f1b7c8e09ee9aa35f6b1176d9dce8ce92"
        },
        {
            "key": "official.import-export",
            "version": "1.0.0",
            "source": {
                "type": "canonical-contents",
                "reference": "canonical-plugin-contents-v1",
                "sha256": "c0b306ba10d47cc7968e0459dc6a2b543c55a9afa1c8d307cb8d64878e36b6b6"
            },
            "composer": [
                {
                    "name": "peanut-business/official-import-export",
                    "version": "1.0.0",
                    "sha256": "4ed5a098e3c6fe7a090ce2c080543efaaa0120fdb653d22b3dbb50f332a6de8a"
                }
            ],
            "npm": [
                {
                    "name": "@peanut-admin/official-import-export",
                    "version": "1.0.0",
                    "integrity": "sha256-R9TS3d25osrNOc2blxMZXley5F1wK+pTGxkMkxgHsZQ="
                }
            ],
            "frontend": [
                {
                    "client_key": "admin-web",
                    "package": "@peanut-admin/official-import-export",
                    "version": "1.0.0",
                    "entry": "web/src/modules/official-import-export/contribution.ts",
                    "sha256": "993ec2cc0f80309284a1b6e5d1c498383c9e9e5e3a132bb137a9deb25e673a68"
                }
            ],
            "modules": [
                {
                    "key": "official.import-export",
                    "root": "server/app/Modules/Official/ImportExport"
                }
            ],
            "manifest": "plugins/official.import-export/plugin.json",
            "manifest_sha256": "a3c47cd714a404c6fbc70b42818b02938661b8ed430afa604ce052971196bfa0"
        },
        {
            "key": "official.member",
            "version": "1.0.0",
            "source": {
                "type": "canonical-contents",
                "reference": "canonical-plugin-contents-v1",
                "sha256": "2dd8449e8efb9062cbce0844e6ac62c931aabe932b0ca7fadc8c276a66162c6a"
            },
            "composer": [
                {
                    "name": "peanut-business/official-member",
                    "version": "1.0.0",
                    "sha256": "0a538f5cf95e17a1efd90021e4d8f5a15e78ec560dad8a333eeccf81f2dacb28"
                }
            ],
            "npm": [
                {
                    "name": "@peanut-admin/official-member",
                    "version": "1.0.0",
                    "integrity": "sha256-Kv1fy2fUFatnFibRWmtrz1kfSWo39FWZzVVtkZBaaTU="
                }
            ],
            "frontend": [
                {
                    "client_key": "admin-web",
                    "package": "@peanut-admin/official-member",
                    "version": "1.0.0",
                    "entry": "web/src/modules/official-member/contribution.ts",
                    "sha256": "757c6dbd637a8f4569b585f1eca16c8ef8cb1493322af4591925c5d6765bb24f"
                }
            ],
            "modules": [
                {
                    "key": "official.member",
                    "root": "server/app/Modules/Official/Member"
                }
            ],
            "manifest": "plugins/official.member/plugin.json",
            "manifest_sha256": "fb9045a5f23cf7e1539e419a0e0024b2c8132d8e884a47f9dfe304a53b241c33"
        },
        {
            "key": "official.notification",
            "version": "1.0.0",
            "source": {
                "type": "canonical-contents",
                "reference": "canonical-plugin-contents-v1",
                "sha256": "b43e755441fd88a38ed7f42297e96342419d49cfc4ed60c10f56d37a5ff68a3e"
            },
            "composer": [
                {
                    "name": "peanut-business/official-notification",
                    "version": "1.0.0",
                    "sha256": "ab14243bda7cae3d616895642b71ae257e27ccc4017ebec74967469b5935b7d8"
                }
            ],
            "npm": [
                {
                    "name": "@peanut-admin/official-notification",
                    "version": "1.0.0",
                    "integrity": "sha256-qDKZuyRkhB9NsrIW6uRBjdpWWIPN+A4/D78zdin38yA="
                }
            ],
            "frontend": [
                {
                    "client_key": "admin-web",
                    "package": "@peanut-admin/official-notification",
                    "version": "1.0.0",
                    "entry": "web/src/modules/official-notification/contribution.ts",
                    "sha256": "72ca5d2d5f8a67b69fa9cc5e04c93520cb8ce8ac3a647930d069bf5950d44f48"
                }
            ],
            "modules": [
                {
                    "key": "official.notification",
                    "root": "server/app/Modules/Official/Notification"
                }
            ],
            "manifest": "plugins/official.notification/plugin.json",
            "manifest_sha256": "7be52d862cba5f4304df7c5d2be7e59d99a1d69db1804e9f378966265a7792aa"
        },
        {
            "key": "official.oauth",
            "version": "1.0.0",
            "source": {
                "type": "canonical-contents",
                "reference": "canonical-plugin-contents-v1",
                "sha256": "1484f3844f3697d86ff57ba66a5b61cc456173b60ae2b487824c12a3744ab0cc"
            },
            "composer": [
                {
                    "name": "peanut-business/official-oauth",
                    "version": "1.0.0",
                    "sha256": "e8577c132ae507fb50e7705482041003704166ab3bb71ab4d54a458af7d3cf7e"
                }
            ],
            "npm": [
                {
                    "name": "@peanut-admin/official-oauth",
                    "version": "1.0.0",
                    "integrity": "sha256-KcwPmbz1lUGOl9fhRrt1EQHjZcSR/H2XzSSb4UFBos0="
                }
            ],
            "frontend": [
                {
                    "client_key": "admin-web",
                    "package": "@peanut-admin/official-oauth",
                    "version": "1.0.0",
                    "entry": "web/src/modules/official-oauth/contribution.ts",
                    "sha256": "7d638958c8ad7877663b3b4ea831ce837781e42cca1c8fb8672bd545aeeb5e37"
                }
            ],
            "modules": [
                {
                    "key": "official.oauth",
                    "root": "server/app/Modules/Official/Oauth"
                }
            ],
            "manifest": "plugins/official.oauth/plugin.json",
            "manifest_sha256": "2b67a57e44b8e3752e21be21fc97cfc3a769dde1215bc5ecf2c7ff49c1155504"
        },
        {
            "key": "official.payment",
            "version": "1.0.0",
            "source": {
                "type": "canonical-contents",
                "reference": "canonical-plugin-contents-v1",
                "sha256": "517dc0a718fb14cb861b6a08d757ca1fe83514082e051fe64e339df9aad5f62e"
            },
            "composer": [
                {
                    "name": "peanut-business/official-payment",
                    "version": "1.0.0",
                    "sha256": "795cb263ab322a09ef203acdbe06f55695843b62455bf1b71ebd440d0df2a199"
                }
            ],
            "npm": [
                {
                    "name": "@peanut-admin/official-payment",
                    "version": "1.0.0",
                    "integrity": "sha256-/1flqNwzAK2An9Vt6JLnzG0KsNScKDhMYT/pl/xtCZM="
                }
            ],
            "frontend": [
                {
                    "client_key": "admin-web",
                    "package": "@peanut-admin/official-payment",
                    "version": "1.0.0",
                    "entry": "web/src/modules/official-payment/contribution.ts",
                    "sha256": "242654524ab2c3e7ea23e70b5d2de494f12c09a2f58b608107f821bb4777afdf"
                }
            ],
            "modules": [
                {
                    "key": "official.payment",
                    "root": "server/app/Modules/Official/Payment"
                }
            ],
            "manifest": "plugins/official.payment/plugin.json",
            "manifest_sha256": "95db518a938981a97b67b86430d442b86f7c494cfe60f993d2c1e943d7eee09d"
        },
        {
            "key": "official.task",
            "version": "1.0.0",
            "source": {
                "type": "canonical-contents",
                "reference": "canonical-plugin-contents-v1",
                "sha256": "a6b1902bf6e92ab27eec7ffa03b79496140383976e32d642ff95668bbd604d5f"
            },
            "composer": [
                {
                    "name": "peanut-business/official-task",
                    "version": "1.0.0",
                    "sha256": "3b2d16697434351c4edf9f987eec1aaea54918a82ad195f22620068e2a1e88a7"
                }
            ],
            "npm": [
                {
                    "name": "@peanut-admin/official-task",
                    "version": "1.0.0",
                    "integrity": "sha256-RlQfi7KX5G07JRTdw65GgHyVQsVhopuB0BujNdEAdfs="
                }
            ],
            "frontend": [
                {
                    "client_key": "admin-web",
                    "package": "@peanut-admin/official-task",
                    "version": "1.0.0",
                    "entry": "web/src/modules/official-task/contribution.ts",
                    "sha256": "2b9aa10f964240aba01a577038c7eee34ea4a3ed7c6347589d86c33685309b4e"
                }
            ],
            "modules": [
                {
                    "key": "official.task",
                    "root": "server/app/Modules/Official/Task"
                }
            ],
            "manifest": "plugins/official.task/plugin.json",
            "manifest_sha256": "b0790be7c9897ddef97caecb8bf266f2c7ea3e260c08dfffc8a52e1a71d3e4d7"
        }
    ]
}
