{
  "schema_version": 1,
  "plugins": [
    {
      "key": "fixture.delivery-record",
      "version": "1.0.0",
      "source": {
        "type": "canonical-contents",
        "reference": "canonical-plugin-contents-v1",
        "sha256": "021da8369c7c456b4663ffc4e59b59a30ab3846ebcedd6d85327d3e7e8736ef9"
      },
      "manifest": "plugins/fixture.delivery-record/plugin.json",
      "manifest_sha256": "1ae05332cfeb4b5f3b684557deed628e912f18d18f03ceae132eb3f92cbcc46f",
      "composer": [
        {
          "name": "peanut-business/fixture-delivery-record",
          "version": "1.0.0",
          "sha256": "a5862bdd2a37b5dade659e3b1a25ed8e56dea9a0d007901988602e2f68f6c551"
        }
      ],
      "npm": [
        {
          "name": "@peanut-admin/fixture-delivery-record",
          "version": "1.0.0",
          "integrity": "sha256-ZVeub731LcGgH1dsSLVy0OfmRUD5NjUgSVT9hHRFqHs="
        }
      ],
      "frontend": [
        {
          "client_key": "admin-web",
          "package": "@peanut-admin/fixture-delivery-record",
          "version": "1.0.0",
          "entry": "web/src/modules/fixture-delivery-record/contribution.ts",
          "sha256": "d578952ab67873a1ba107bc7d1e30ddd8aa077fc578657c717471fd08074ad90"
        }
      ],
      "modules": [
        {
          "key": "fixture.delivery-record",
          "root": "server/app/Modules/Fixture/DeliveryRecord"
        }
      ]
    }
  ]
}
