{
    "schema_version": 1,
    "plugins": [
        {
            "key": "official.article",
            "version": "1.0.0",
            "source": {
                "type": "canonical-contents",
                "reference": "canonical-plugin-contents-v1",
                "sha256": "aa1a1b1323525a5aaeab9395395556f8717b83b9d456e656011c557ef450b567"
            },
            "trust": {
                "channel": "bundled",
                "origin": {
                    "type": "repository-contents",
                    "reference": "canonical-plugin-contents-v1"
                },
                "archive": {
                    "status": "not-issued",
                    "sha256": null
                },
                "signature": {
                    "status": "not-issued",
                    "key_id": null
                },
                "sbom": {
                    "status": "not-issued",
                    "sha256": null
                },
                "license": {
                    "identifier": "proprietary",
                    "status": "declared"
                },
                "qualification": {
                    "status": "bundled-locked",
                    "review": "not-reviewed",
                    "vulnerability_response": "not-configured",
                    "marketplace": "blocked"
                },
                "compatibility": {
                    "modules": [
                        {
                            "key": "official.article",
                            "version": "1.0.0",
                            "kernel_constraint": "^1.0",
                            "dependencies": [
                                {
                                    "module_key": "official.file",
                                    "version": "^1.0"
                                }
                            ],
                            "permissions": {
                                "path": "Resources/permissions.json",
                                "sha256": "acfaad21285fbd1de4fa6120f309e1c85eeb5e77dcb1fa60f1aa9cf88a6158d1"
                            },
                            "migrations": {
                                "reversibility": "verified-backup-required",
                                "files": [
                                    {
                                        "key": "official.article:20260825-adopt-permission-ownership",
                                        "sha256": "4cbbb07345314eeda296e8b8d0a44e2b48b048cd295ab81225fe40b2643bd005"
                                    },
                                    {
                                        "key": "official.article:20260826-namespace-permission-keys",
                                        "sha256": "06c410f96b2833695aea944d207a4b939c3bf7a18c4f2fab6f8e24aaa608af3d"
                                    }
                                ]
                            }
                        }
                    ]
                }
            },
            "composer": [
                {
                    "name": "peanut-business/official-article",
                    "version": "1.0.0",
                    "sha256": "0d70212c546a2fa7b190f9ca77a5854eeadf9edad1e98b6da5285dd0172d4fc3"
                }
            ],
            "npm": [
                {
                    "name": "@peanut-admin/official-article",
                    "version": "1.0.0",
                    "integrity": "sha256-CT2Az249M0CTRSj6jltMKXQbSFSGjzapYLbHFkwv/GU="
                }
            ],
            "frontend": [
                {
                    "client_key": "admin-web",
                    "package": "@peanut-admin/official-article",
                    "version": "1.0.0",
                    "entry": "web/src/modules/official-article/contribution.ts",
                    "sha256": "b1ca6694d9146fcc6e31c130cf2a32e1fd3a2736f7260355b107a74e9eea004f"
                }
            ],
            "modules": [
                {
                    "key": "official.article",
                    "root": "server/app/Modules/Official/Article"
                }
            ],
            "manifest": "plugins/official.article/plugin.json",
            "manifest_sha256": "51606cc2d8890a217376ca1b6a710960e7e4ba84d29bd30e9e965513584791ad"
        },
        {
            "key": "official.file",
            "version": "1.0.0",
            "source": {
                "type": "canonical-contents",
                "reference": "canonical-plugin-contents-v1",
                "sha256": "7bd0bc9d9a42bef1198e28826a54f03fa7d26337835d40ff764cae4ee3d956e1"
            },
            "trust": {
                "channel": "bundled",
                "origin": {
                    "type": "repository-contents",
                    "reference": "canonical-plugin-contents-v1"
                },
                "archive": {
                    "status": "not-issued",
                    "sha256": null
                },
                "signature": {
                    "status": "not-issued",
                    "key_id": null
                },
                "sbom": {
                    "status": "not-issued",
                    "sha256": null
                },
                "license": {
                    "identifier": "proprietary",
                    "status": "declared"
                },
                "qualification": {
                    "status": "bundled-locked",
                    "review": "not-reviewed",
                    "vulnerability_response": "not-configured",
                    "marketplace": "blocked"
                },
                "compatibility": {
                    "modules": [
                        {
                            "key": "official.file",
                            "version": "1.0.0",
                            "kernel_constraint": "^1.0",
                            "dependencies": [],
                            "permissions": {
                                "path": "Resources/permissions.json",
                                "sha256": "c0154d7b00960587b6c0f4a006ec476f2b2ea158dee76a4e581a2e960bb0dc16"
                            },
                            "migrations": {
                                "reversibility": "verified-backup-required",
                                "files": [
                                    {
                                        "key": "official.file:20260826-namespace-permission-keys",
                                        "sha256": "fd7801e514efdde57945b9756e4303ea8685d02f07dfd86e7131b92ca28003f7"
                                    }
                                ]
                            }
                        }
                    ]
                }
            },
            "composer": [
                {
                    "name": "peanut-business/official-file",
                    "version": "1.0.0",
                    "sha256": "043318630579ada2787d74812f26851880645dff846da30b464127e3c2b5c73f"
                }
            ],
            "npm": [
                {
                    "name": "@peanut-admin/official-file",
                    "version": "1.0.0",
                    "integrity": "sha256-VJBlYTJu2a1z2wX9eVJjdUR+G6g8BHc4m32h8PVc05c="
                }
            ],
            "frontend": [
                {
                    "client_key": "admin-web",
                    "package": "@peanut-admin/official-file",
                    "version": "1.0.0",
                    "entry": "web/src/modules/official-file/contribution.ts",
                    "sha256": "d1e6f282276cf5b0b22f2e92fbc1bd9333d5c4ad244f9aa75568431ec6830bc6"
                }
            ],
            "modules": [
                {
                    "key": "official.file",
                    "root": "server/app/Modules/Official/File"
                }
            ],
            "manifest": "plugins/official.file/plugin.json",
            "manifest_sha256": "77e8762873aead721db47f0f6a6ef13f189fbf896c3cee1962a34226ecd2d602"
        },
        {
            "key": "official.import-export",
            "version": "1.0.0",
            "source": {
                "type": "canonical-contents",
                "reference": "canonical-plugin-contents-v1",
                "sha256": "8317fcdc23a90c239511a64dde0a04c18176e350fb8e25103e243754d822c4b1"
            },
            "trust": {
                "channel": "bundled",
                "origin": {
                    "type": "repository-contents",
                    "reference": "canonical-plugin-contents-v1"
                },
                "archive": {
                    "status": "not-issued",
                    "sha256": null
                },
                "signature": {
                    "status": "not-issued",
                    "key_id": null
                },
                "sbom": {
                    "status": "not-issued",
                    "sha256": null
                },
                "license": {
                    "identifier": "proprietary",
                    "status": "declared"
                },
                "qualification": {
                    "status": "bundled-locked",
                    "review": "not-reviewed",
                    "vulnerability_response": "not-configured",
                    "marketplace": "blocked"
                },
                "compatibility": {
                    "modules": [
                        {
                            "key": "official.import-export",
                            "version": "1.0.0",
                            "kernel_constraint": "^1.0",
                            "dependencies": [
                                {
                                    "module_key": "official.file",
                                    "version": "^1.0"
                                },
                                {
                                    "module_key": "official.task",
                                    "version": "^1.0"
                                }
                            ],
                            "permissions": {
                                "path": "Resources/permissions.json",
                                "sha256": "56a3a9e239f6d924540f4900197a272ea5368237d98c64f1882865277daf864e"
                            },
                            "migrations": {
                                "reversibility": "verified-backup-required",
                                "files": [
                                    {
                                        "key": "official.import-export:20260826-namespace-permission-keys",
                                        "sha256": "0b7981ec9cf94453697c6cc7f6cc3f0abae9e88769c3a8370b1b57034efa596e"
                                    }
                                ]
                            }
                        }
                    ]
                }
            },
            "composer": [
                {
                    "name": "peanut-business/official-import-export",
                    "version": "1.0.0",
                    "sha256": "a94758080d4f2b85c4c5387e3a82fd147a70f0e4822cf99e2b26f7856128aa5c"
                }
            ],
            "npm": [
                {
                    "name": "@peanut-admin/official-import-export",
                    "version": "1.0.0",
                    "integrity": "sha256-R9TS3d25osrNOc2blxMZXley5F1wK+pTGxkMkxgHsZQ="
                }
            ],
            "frontend": [
                {
                    "client_key": "admin-web",
                    "package": "@peanut-admin/official-import-export",
                    "version": "1.0.0",
                    "entry": "web/src/modules/official-import-export/contribution.ts",
                    "sha256": "b6c0eae98ed1e4c086f520cd9603d2afad64e2dcbf246a5a3ebe79e431a61694"
                }
            ],
            "modules": [
                {
                    "key": "official.import-export",
                    "root": "server/app/Modules/Official/ImportExport"
                }
            ],
            "manifest": "plugins/official.import-export/plugin.json",
            "manifest_sha256": "4f03a768863eaae7112d81314caa9bd9e914cafb61186df321f00c58062d0cde"
        },
        {
            "key": "official.member",
            "version": "1.0.0",
            "source": {
                "type": "canonical-contents",
                "reference": "canonical-plugin-contents-v1",
                "sha256": "dd5bcd1acb037e1ce03cc900ad771b57c41dfc32ea2a40cfb807ad22d6b09db1"
            },
            "trust": {
                "channel": "bundled",
                "origin": {
                    "type": "repository-contents",
                    "reference": "canonical-plugin-contents-v1"
                },
                "archive": {
                    "status": "not-issued",
                    "sha256": null
                },
                "signature": {
                    "status": "not-issued",
                    "key_id": null
                },
                "sbom": {
                    "status": "not-issued",
                    "sha256": null
                },
                "license": {
                    "identifier": "proprietary",
                    "status": "declared"
                },
                "qualification": {
                    "status": "bundled-locked",
                    "review": "not-reviewed",
                    "vulnerability_response": "not-configured",
                    "marketplace": "blocked"
                },
                "compatibility": {
                    "modules": [
                        {
                            "key": "official.member",
                            "version": "1.0.0",
                            "kernel_constraint": "^1.0",
                            "dependencies": [
                                {
                                    "module_key": "official.file",
                                    "version": "^1.0"
                                }
                            ],
                            "permissions": {
                                "path": "Resources/permissions.json",
                                "sha256": "e62cfbdd9e82165875b38fdcdf57f236fd532737aed2f80921cdd1584e933dc9"
                            },
                            "migrations": {
                                "reversibility": "verified-backup-required",
                                "files": [
                                    {
                                        "key": "official.member:20260826-namespace-permission-keys",
                                        "sha256": "c391d790995786d3ef05002f25a4156b67e42f2f7e4227da39ba15190a1328b0"
                                    }
                                ]
                            }
                        }
                    ]
                }
            },
            "composer": [
                {
                    "name": "peanut-business/official-member",
                    "version": "1.0.0",
                    "sha256": "5a7fe6ff5a9b6236c83e29a8127242055515caed0f295a23ff3ee662a6f34271"
                }
            ],
            "npm": [
                {
                    "name": "@peanut-admin/official-member",
                    "version": "1.0.0",
                    "integrity": "sha256-Kv1fy2fUFatnFibRWmtrz1kfSWo39FWZzVVtkZBaaTU="
                }
            ],
            "frontend": [
                {
                    "client_key": "admin-web",
                    "package": "@peanut-admin/official-member",
                    "version": "1.0.0",
                    "entry": "web/src/modules/official-member/contribution.ts",
                    "sha256": "86dbd6cd8d6a864b1305184e6c87e81fe7afb00159c3fa0985945738bc8815ba"
                }
            ],
            "modules": [
                {
                    "key": "official.member",
                    "root": "server/app/Modules/Official/Member"
                }
            ],
            "manifest": "plugins/official.member/plugin.json",
            "manifest_sha256": "6d4535338fcc277299e53c3ae2a5a9b1511d6b24ce0afd709d67a31e1be9f328"
        },
        {
            "key": "official.notification",
            "version": "1.0.0",
            "source": {
                "type": "canonical-contents",
                "reference": "canonical-plugin-contents-v1",
                "sha256": "8522cc554f72b7b7c2c1695c60e489bc8540b2ea7a7f002fda0edaf6aac6bf1c"
            },
            "trust": {
                "channel": "bundled",
                "origin": {
                    "type": "repository-contents",
                    "reference": "canonical-plugin-contents-v1"
                },
                "archive": {
                    "status": "not-issued",
                    "sha256": null
                },
                "signature": {
                    "status": "not-issued",
                    "key_id": null
                },
                "sbom": {
                    "status": "not-issued",
                    "sha256": null
                },
                "license": {
                    "identifier": "proprietary",
                    "status": "declared"
                },
                "qualification": {
                    "status": "bundled-locked",
                    "review": "not-reviewed",
                    "vulnerability_response": "not-configured",
                    "marketplace": "blocked"
                },
                "compatibility": {
                    "modules": [
                        {
                            "key": "official.notification",
                            "version": "1.0.0",
                            "kernel_constraint": "^1.0",
                            "dependencies": [],
                            "permissions": {
                                "path": "Resources/permissions.json",
                                "sha256": "efe0fb68acdf0a8efee4520f6a91ed0ce111c1a0aa1a6f8b4dd8a0fb5bb285d7"
                            },
                            "migrations": {
                                "reversibility": "verified-backup-required",
                                "files": [
                                    {
                                        "key": "official.notification:20260826-namespace-permission-keys",
                                        "sha256": "8be087e7adacb8d34f2fa61111e683a7b15af4b62d93910d3a9655f1a605f606"
                                    }
                                ]
                            }
                        }
                    ]
                }
            },
            "composer": [
                {
                    "name": "peanut-business/official-notification",
                    "version": "1.0.0",
                    "sha256": "da92474a54dfd9786389ddbc6125b0148f675de833694f63d56dd243bc56fd1f"
                }
            ],
            "npm": [
                {
                    "name": "@peanut-admin/official-notification",
                    "version": "1.0.0",
                    "integrity": "sha256-qDKZuyRkhB9NsrIW6uRBjdpWWIPN+A4/D78zdin38yA="
                }
            ],
            "frontend": [
                {
                    "client_key": "admin-web",
                    "package": "@peanut-admin/official-notification",
                    "version": "1.0.0",
                    "entry": "web/src/modules/official-notification/contribution.ts",
                    "sha256": "52e158e825221b241b0d76a3cdb0f60bad05fffe2e29513b9d8378f74c76e333"
                }
            ],
            "modules": [
                {
                    "key": "official.notification",
                    "root": "server/app/Modules/Official/Notification"
                }
            ],
            "manifest": "plugins/official.notification/plugin.json",
            "manifest_sha256": "db4fe5054021c7fd9e626c0156d045b1f0f2e12cd5604a3d7d88e9afb6523d06"
        },
        {
            "key": "official.oauth",
            "version": "1.0.0",
            "source": {
                "type": "canonical-contents",
                "reference": "canonical-plugin-contents-v1",
                "sha256": "eeaff34f164ef5848f8a7a853a6d6407010ee89345449c948f9413a269d38c97"
            },
            "trust": {
                "channel": "bundled",
                "origin": {
                    "type": "repository-contents",
                    "reference": "canonical-plugin-contents-v1"
                },
                "archive": {
                    "status": "not-issued",
                    "sha256": null
                },
                "signature": {
                    "status": "not-issued",
                    "key_id": null
                },
                "sbom": {
                    "status": "not-issued",
                    "sha256": null
                },
                "license": {
                    "identifier": "proprietary",
                    "status": "declared"
                },
                "qualification": {
                    "status": "bundled-locked",
                    "review": "not-reviewed",
                    "vulnerability_response": "not-configured",
                    "marketplace": "blocked"
                },
                "compatibility": {
                    "modules": [
                        {
                            "key": "official.oauth",
                            "version": "1.0.0",
                            "kernel_constraint": "^1.0",
                            "dependencies": [
                                {
                                    "module_key": "official.file",
                                    "version": "^1.0"
                                },
                                {
                                    "module_key": "official.member",
                                    "version": "^1.0"
                                },
                                {
                                    "module_key": "official.notification",
                                    "version": "^1.0"
                                }
                            ],
                            "permissions": {
                                "path": "Resources/permissions.json",
                                "sha256": "54ef06840401f4353b9def63fdb32aebd5bc5ee3e50a81b0a69186bcb0cf554e"
                            },
                            "migrations": {
                                "reversibility": "verified-backup-required",
                                "files": [
                                    {
                                        "key": "official.oauth:20260826-namespace-permission-keys",
                                        "sha256": "80545720118dbe1b40a97825293bf4d400bbb2a389efb3f8395d5d6dd3d8df49"
                                    }
                                ]
                            }
                        }
                    ]
                }
            },
            "composer": [
                {
                    "name": "peanut-business/official-oauth",
                    "version": "1.0.0",
                    "sha256": "68d1136b619683fbe801e00510c8f40587cbfed3275ac72b4ceb81bed7043574"
                }
            ],
            "npm": [
                {
                    "name": "@peanut-admin/official-oauth",
                    "version": "1.0.0",
                    "integrity": "sha256-KcwPmbz1lUGOl9fhRrt1EQHjZcSR/H2XzSSb4UFBos0="
                }
            ],
            "frontend": [
                {
                    "client_key": "admin-web",
                    "package": "@peanut-admin/official-oauth",
                    "version": "1.0.0",
                    "entry": "web/src/modules/official-oauth/contribution.ts",
                    "sha256": "a27fd15b1d00ea253bc4e63830e0d41c7d8a4ad27a7f5ac76ee68407263540c8"
                }
            ],
            "modules": [
                {
                    "key": "official.oauth",
                    "root": "server/app/Modules/Official/Oauth"
                }
            ],
            "manifest": "plugins/official.oauth/plugin.json",
            "manifest_sha256": "20a522f17b12859c6110dedce1fb291e0fd20ecafef69dc62bf6f10a871b2137"
        },
        {
            "key": "official.payment",
            "version": "1.0.0",
            "source": {
                "type": "canonical-contents",
                "reference": "canonical-plugin-contents-v1",
                "sha256": "5b1ddb2e7caacc59a64970812c8cd69be57b000fd8fa0edeb49564093614aa4d"
            },
            "trust": {
                "channel": "bundled",
                "origin": {
                    "type": "repository-contents",
                    "reference": "canonical-plugin-contents-v1"
                },
                "archive": {
                    "status": "not-issued",
                    "sha256": null
                },
                "signature": {
                    "status": "not-issued",
                    "key_id": null
                },
                "sbom": {
                    "status": "not-issued",
                    "sha256": null
                },
                "license": {
                    "identifier": "proprietary",
                    "status": "declared"
                },
                "qualification": {
                    "status": "bundled-locked",
                    "review": "not-reviewed",
                    "vulnerability_response": "not-configured",
                    "marketplace": "blocked"
                },
                "compatibility": {
                    "modules": [
                        {
                            "key": "official.payment",
                            "version": "1.0.0",
                            "kernel_constraint": "^1.0",
                            "dependencies": [
                                {
                                    "module_key": "official.member",
                                    "version": "^1.0"
                                }
                            ],
                            "permissions": {
                                "path": "Resources/permissions.json",
                                "sha256": "aa6abbc566274b212710800ce6175e3da2d4837574c4d3b45247eed7dee67c3a"
                            },
                            "migrations": {
                                "reversibility": "verified-backup-required",
                                "files": [
                                    {
                                        "key": "official.payment:20260826-namespace-permission-keys",
                                        "sha256": "c216a6dc4934549fb1388fa864b64e4e4222f40a9ae00f90484133452dc36f84"
                                    }
                                ]
                            }
                        }
                    ]
                }
            },
            "composer": [
                {
                    "name": "peanut-business/official-payment",
                    "version": "1.0.0",
                    "sha256": "f9dd52e52b5828d0471320979904053beb909e2ebca19e6821be497133f7743a"
                }
            ],
            "npm": [
                {
                    "name": "@peanut-admin/official-payment",
                    "version": "1.0.0",
                    "integrity": "sha256-/1flqNwzAK2An9Vt6JLnzG0KsNScKDhMYT/pl/xtCZM="
                }
            ],
            "frontend": [
                {
                    "client_key": "admin-web",
                    "package": "@peanut-admin/official-payment",
                    "version": "1.0.0",
                    "entry": "web/src/modules/official-payment/contribution.ts",
                    "sha256": "7db36def1be7bbb92529b8e92584a674ed4f94a6121c1866117bb44386337683"
                }
            ],
            "modules": [
                {
                    "key": "official.payment",
                    "root": "server/app/Modules/Official/Payment"
                }
            ],
            "manifest": "plugins/official.payment/plugin.json",
            "manifest_sha256": "775f81d8c10066400f075714c81bbbff3a33f1f8c4c4efa8e87c0053c25a6f56"
        },
        {
            "key": "official.task",
            "version": "1.0.0",
            "source": {
                "type": "canonical-contents",
                "reference": "canonical-plugin-contents-v1",
                "sha256": "5da68a8dee70f4bd9390c5c1fea0c8faae7e0791445c5aa9d3184a2c2060dc0a"
            },
            "trust": {
                "channel": "bundled",
                "origin": {
                    "type": "repository-contents",
                    "reference": "canonical-plugin-contents-v1"
                },
                "archive": {
                    "status": "not-issued",
                    "sha256": null
                },
                "signature": {
                    "status": "not-issued",
                    "key_id": null
                },
                "sbom": {
                    "status": "not-issued",
                    "sha256": null
                },
                "license": {
                    "identifier": "proprietary",
                    "status": "declared"
                },
                "qualification": {
                    "status": "bundled-locked",
                    "review": "not-reviewed",
                    "vulnerability_response": "not-configured",
                    "marketplace": "blocked"
                },
                "compatibility": {
                    "modules": [
                        {
                            "key": "official.task",
                            "version": "1.0.0",
                            "kernel_constraint": "^1.0",
                            "dependencies": [],
                            "permissions": {
                                "path": "Resources/permissions.json",
                                "sha256": "6ce89a45c118e3e1bf1d58021c6990f975c61728537d6998baf5af99f21b0b64"
                            },
                            "migrations": {
                                "reversibility": "verified-backup-required",
                                "files": [
                                    {
                                        "key": "official.task:20260826-namespace-permission-keys",
                                        "sha256": "81bff457523333ad56c1d30fb84094fbf3941902c37a56f27fe291c09145d131"
                                    }
                                ]
                            }
                        }
                    ]
                }
            },
            "composer": [
                {
                    "name": "peanut-business/official-task",
                    "version": "1.0.0",
                    "sha256": "6ee9c3c8cc4cb32127cb4da9de99bea4ffdd4239016547d40d27681b5405256b"
                }
            ],
            "npm": [
                {
                    "name": "@peanut-admin/official-task",
                    "version": "1.0.0",
                    "integrity": "sha256-RlQfi7KX5G07JRTdw65GgHyVQsVhopuB0BujNdEAdfs="
                }
            ],
            "frontend": [
                {
                    "client_key": "admin-web",
                    "package": "@peanut-admin/official-task",
                    "version": "1.0.0",
                    "entry": "web/src/modules/official-task/contribution.ts",
                    "sha256": "da65699fdbab0eb7b588bcf5b3c982c7c9ac3cfb5edbdbc678678a032c496972"
                }
            ],
            "modules": [
                {
                    "key": "official.task",
                    "root": "server/app/Modules/Official/Task"
                }
            ],
            "manifest": "plugins/official.task/plugin.json",
            "manifest_sha256": "50cad8e3af1585ca43b0cdcc72fc078fac03345ace249c917f6092bb056c9807"
        }
    ]
}
