lockfileVersion: '9.0'

settings:
  autoInstallPeers: true
  excludeLinksFromLockfile: false

importers:

  .:
    dependencies:
      '@hocuspocus/provider':
        specifier: 4.6.0
        version: 4.6.0(y-protocols@1.0.7(yjs@13.6.32))(yjs@13.6.32)
      '@hocuspocus/server':
        specifier: 4.6.0
        version: 4.6.0(y-protocols@1.0.7(yjs@13.6.32))(yjs@13.6.32)
      '@tiptap/core':
        specifier: 3.30.0
        version: 3.30.0(@tiptap/pm@3.30.0)
      '@tiptap/extension-collaboration':
        specifier: 3.30.0
        version: 3.30.0(@tiptap/core@3.30.0(@tiptap/pm@3.30.0))(@tiptap/pm@3.30.0)(@tiptap/y-tiptap@3.0.9(prosemirror-model@1.25.11)(prosemirror-state@1.4.4)(prosemirror-view@1.42.3)(y-protocols@1.0.7(yjs@13.6.32))(yjs@13.6.32))(yjs@13.6.32)
      '@tiptap/pm':
        specifier: 3.30.0
        version: 3.30.0
      '@tiptap/starter-kit':
        specifier: 3.30.0
        version: 3.30.0
      dompurify:
        specifier: 3.4.14
        version: 3.4.14
      yjs:
        specifier: 13.6.32
        version: 13.6.32
    devDependencies:
      vite:
        specifier: 3.2.11
        version: 3.2.11

packages:

  '@esbuild/android-arm@0.15.18':
    resolution: {integrity: sha512-5GT+kcs2WVGjVs7+boataCkO5Fg0y4kCjzkB5bAip7H4jfnOS3dA6KPiww9W1OEKTKeAcUVhdZGvgI65OXmUnw==}
    engines: {node: '>=12'}
    cpu: [arm]
    os: [android]

  '@esbuild/linux-loong64@0.15.18':
    resolution: {integrity: sha512-L4jVKS82XVhw2nvzLg/19ClLWg0y27ulRwuP7lcyL6AbUWB5aPglXY3M21mauDQMDfRLs8cQmeT03r/+X3cZYQ==}
    engines: {node: '>=12'}
    cpu: [loong64]
    os: [linux]

  '@hocuspocus/common@4.6.0':
    resolution: {integrity: sha512-OotSE6HHmQzA9KH5xElZTaps4KY96CPnOJ15Pph6EpFzbZV86vkwghZP/u7zxibPr5NVK+h9hXQ+OVeN9Pl/LQ==}

  '@hocuspocus/provider@4.6.0':
    resolution: {integrity: sha512-twKgZb1PbDSapfdghvLWR1zQEvSiQLCH7DjKL4QmSoG2P1a0D7p5MUrm/RzXKscPpzVjHyGzHPlIWAXEEcvfxQ==}
    peerDependencies:
      y-protocols: ^1.0.6
      yjs: ^13.6.8

  '@hocuspocus/server@4.6.0':
    resolution: {integrity: sha512-Ex4tka1vsm9NycHU1vPwxj3weQj+L2+736U8uentRyykAefUcYkHEh7Gfxiy9PHBholWcw1H+oYgZ3LP0ShTWQ==}
    engines: {node: '>=22'}
    peerDependencies:
      y-protocols: ^1.0.6
      yjs: ^13.6.8

  '@lifeomic/attempt@3.1.0':
    resolution: {integrity: sha512-QZqem4QuAnAyzfz+Gj5/+SLxqwCAw2qmt7732ZXodr6VDWGeYLG6w1i/vYLa55JQM9wRuBKLmXmiZ2P0LtE5rw==}

  '@tiptap/core@3.30.0':
    resolution: {integrity: sha512-jlR5STfcpoYxvqnWoR6dhnkB0OBTNbTWd/Jw10wx1LLCrUOK2vrM1z3rXdiVSqqoDjphEu8HX/k4q+Okt+5YGg==}
    peerDependencies:
      '@tiptap/pm': 3.30.0

  '@tiptap/extension-blockquote@3.30.0':
    resolution: {integrity: sha512-hDIb52yeY+IptKibIzApOTXOuJITX9F9dPSwYO3zhcxGzdWGzLjjoYyekA66lMm4fdGYkRlJWapyaG71vravLQ==}
    peerDependencies:
      '@tiptap/core': 3.30.0
      '@tiptap/pm': 3.30.0

  '@tiptap/extension-bold@3.30.0':
    resolution: {integrity: sha512-/pDKSzd1btAIT8jWr5NGitQBe4hx4eebezT46/WCILBzf8j4+xi+dyG5fc5yebe7I4IsZlCRnmW21pLmctIHkQ==}
    peerDependencies:
      '@tiptap/core': 3.30.0

  '@tiptap/extension-bullet-list@3.30.0':
    resolution: {integrity: sha512-NOCwi6A3zYsv2UriyJDM4Wa3Unc/ignaTsPMmHuI1CvY9o4RFrJWhNarPEwQ02vvmdDVUidGRThLZJ+qM6JGzg==}
    peerDependencies:
      '@tiptap/extension-list': 3.30.0

  '@tiptap/extension-code-block@3.30.0':
    resolution: {integrity: sha512-m0KcCiUijaHNqTQCw9ydKRAzOrWxL0MogQu2WnTrbSrtCBwSiRvbG3ocqv5L3OfkoqnezeZCSg9JRwN+QBLP4Q==}
    peerDependencies:
      '@tiptap/core': 3.30.0
      '@tiptap/pm': 3.30.0

  '@tiptap/extension-code@3.30.0':
    resolution: {integrity: sha512-1KPgOXlVUQ7269u9zQU8PZYaIp6yLJj+TM6ZkuiqjGbq7UMdazO/rVofNTSMJ+jg0YqrLopEZP7DfRjkmikfnQ==}
    peerDependencies:
      '@tiptap/core': 3.30.0

  '@tiptap/extension-collaboration@3.30.0':
    resolution: {integrity: sha512-EV34nkrmoMuZj9f4CzS7OEMm4tGMGhzJc+qJTp8Nh4LZnr+8x/gWEJK4CMhN7Kci3z71XF3CJ1s8Bgovyu7R9g==}
    peerDependencies:
      '@tiptap/core': 3.30.0
      '@tiptap/pm': 3.30.0
      '@tiptap/y-tiptap': ^3.0.7
      yjs: ^13

  '@tiptap/extension-document@3.30.0':
    resolution: {integrity: sha512-gSXVcISMkK9IXa2YUc0TM+lkyCWaK6KgcsIoePnCWWdUGs0wtcktz3XK9mmcVu5xntg7AR7AT9B6gvl1k+MKYA==}
    peerDependencies:
      '@tiptap/core': 3.30.0

  '@tiptap/extension-dropcursor@3.30.0':
    resolution: {integrity: sha512-RjTRfPH/fMaXYeRRp1etivWrH5vhrPEhEEY+34IrEXglp11svTp3heK1G2eIhppUKPRhsczWffSpUYEgEcEYsw==}
    peerDependencies:
      '@tiptap/extensions': 3.30.0

  '@tiptap/extension-gapcursor@3.30.0':
    resolution: {integrity: sha512-CeRNnp1BatrpYYdt9tayp5SnAW5KYv30/Ckngrl2f6uQjcWObFkDp4klJu+7OT/DpioeOz9s3LOsSrzYLgscyg==}
    peerDependencies:
      '@tiptap/extensions': 3.30.0

  '@tiptap/extension-hard-break@3.30.0':
    resolution: {integrity: sha512-JzDGLfVMyvjqTPlfZ6f7+lfVu3nNg9RuhAY+N1clCr5JTzmxHsgvvpDYlkMyUvnqTbWlvW379+wtxi9BiDOpRg==}
    peerDependencies:
      '@tiptap/core': 3.30.0

  '@tiptap/extension-heading@3.30.0':
    resolution: {integrity: sha512-PqUZP/dPFtBtETYXkQrybfdMRntxEY9ZQv2b+8vC0U3JCE+6IUEnJaFZgAimIyN3++ZLh3gCVvI/LfqFh3UHRQ==}
    peerDependencies:
      '@tiptap/core': 3.30.0

  '@tiptap/extension-horizontal-rule@3.30.0':
    resolution: {integrity: sha512-SD/udnQ6aAEbyi0DSf48Yh/LAPMulgvaX83MwVhzMb/qgV7eCUbJxLsqQvaaNnVFZZyl5GHbCwTbPEdEymEIRA==}
    peerDependencies:
      '@tiptap/core': 3.30.0
      '@tiptap/pm': 3.30.0

  '@tiptap/extension-italic@3.30.0':
    resolution: {integrity: sha512-X/mg09T4XLG1kBXJVCONtyvzP+DOc3t0QogpYDMLOyVV5d2+p40NMIGPwfnSfVofOQynJFBCNs5rkI/eSZQz4g==}
    peerDependencies:
      '@tiptap/core': 3.30.0

  '@tiptap/extension-link@3.30.0':
    resolution: {integrity: sha512-slfnLDFDqN4FLPBzdf1ZTM417FSxUUzfIb3Zjbe5d5r9SK6PWmf7wRCA6wb5o9BlpTPGncnKYNet+NlnBHZLWQ==}
    peerDependencies:
      '@tiptap/core': 3.30.0
      '@tiptap/pm': 3.30.0

  '@tiptap/extension-list-item@3.30.0':
    resolution: {integrity: sha512-lPGsXb3wiVooxhlcqf8C5SWP4xu4xJEqhSX+0K3zTQWmubvYzc7WIePSQCKl/+PqPXyuIRyFAELKJGd9oybkKg==}
    peerDependencies:
      '@tiptap/extension-list': 3.30.0

  '@tiptap/extension-list-keymap@3.30.0':
    resolution: {integrity: sha512-u4siME/FwDzs24tM/Z21lUQGmmkfbvMgJ+FSNk+m32lX5U0yUojviJ5sqoxaot56G2RAkhxRmJdQvKWDeLKVqA==}
    peerDependencies:
      '@tiptap/extension-list': 3.30.0

  '@tiptap/extension-list@3.30.0':
    resolution: {integrity: sha512-cunfjAWsYESK5rSVqB+xdBKX8pREuTN1wh2cR+G+OckgwQaWHB9cf3erCJ9nhvMyDVsNEGy/iJNQ6qd1CGzuoQ==}
    peerDependencies:
      '@tiptap/core': 3.30.0
      '@tiptap/pm': 3.30.0

  '@tiptap/extension-ordered-list@3.30.0':
    resolution: {integrity: sha512-x4mDqfQft4szLsLCIQPKMtxdtIwZtchF1ONZMHvamy7RXOXDAa4CL5wyaNqDaRAeppI0SSL77/F0GWSqJS7aUw==}
    peerDependencies:
      '@tiptap/extension-list': 3.30.0

  '@tiptap/extension-paragraph@3.30.0':
    resolution: {integrity: sha512-xfGv8ZRYncPCQyKViTLAA52n9wbb1CnjxMezKbQVmckOMWroRxtT+4zmbpOslnR0cuNHIYAWMZ25MM+wxAQpsw==}
    peerDependencies:
      '@tiptap/core': 3.30.0

  '@tiptap/extension-strike@3.30.0':
    resolution: {integrity: sha512-sn2VbcVzgW/w0gWQHhcTiIgnkai9vjejXFHwlNgnnvcNd1zZuGCJegWJDzC6Ze8XupxRwKIkgL6eSi1d4n65ow==}
    peerDependencies:
      '@tiptap/core': 3.30.0

  '@tiptap/extension-text@3.30.0':
    resolution: {integrity: sha512-NjsZzbuCkDth/XIpXQbcdoDpXQarQlISBARdwVEEXq2Cv8YEJRERblO8PHUdaP7AxuxPru5ZfgbnAkbopy/fwQ==}
    peerDependencies:
      '@tiptap/core': 3.30.0

  '@tiptap/extension-underline@3.30.0':
    resolution: {integrity: sha512-EJ7NF3CP96gJVmdaXUJ9GaaFKpC92flftT6/PtINK4oCBPYbyWRI8nOdeBPijm12yXGbzcPS3oyIjc2FIzkdHA==}
    peerDependencies:
      '@tiptap/core': 3.30.0

  '@tiptap/extensions@3.30.0':
    resolution: {integrity: sha512-dCevnLGpISgrMqnEse3BeZPpaPtYBdIWONIiVSl4ODDCMUthcs8QqM5qi192f0fT+jnYikD7UP3zn+hdCFOtaw==}
    peerDependencies:
      '@tiptap/core': 3.30.0
      '@tiptap/pm': 3.30.0

  '@tiptap/pm@3.30.0':
    resolution: {integrity: sha512-0if2mMq/9nZ/IOiuuyvo36OEz/fhwFJiHNy49+NywUkkKVSsa6S7Pcsxb03RnKzW648EanOjE5oqTd4jCkgRKg==}

  '@tiptap/starter-kit@3.30.0':
    resolution: {integrity: sha512-g78rSRaM6RepFv01QlfiQ9boPX4xMjrD3T4BCk+EnXJGKKxLTIhwYsV40l/+A7rQM2jNF6PE8+JBkdJ8nEtX3w==}

  '@tiptap/y-tiptap@3.0.9':
    resolution: {integrity: sha512-7/El8NQ8R5V5MkdrOUdfj9IgZacpt0H071xNimX7B0AnYiWiKefQnMKd41neQYzo2MOXbWdN3iZ+7Z7BruzOSA==}
    engines: {node: '>=16.0.0', npm: '>=8.0.0'}
    peerDependencies:
      prosemirror-model: ^1.7.1
      prosemirror-state: ^1.2.3
      prosemirror-view: ^1.9.10
      y-protocols: ^1.0.1
      yjs: ^13.5.38

  '@types/trusted-types@2.0.7':
    resolution: {integrity: sha512-ScaPdn1dQczgbl0QFTeTOmVHFULt394XJgOQNoyVhZ6r2vLnMLJfBPd53SB52T/3G36VI1/g2MZaX0cwDuXsfw==}

  async-mutex@0.5.0:
    resolution: {integrity: sha512-1A94B18jkJ3DYq284ohPxoXbfTA5HsQ7/Mf4DEhcyLx3Bz27Rh59iScbB6EPiP+B+joue6YCxcMXSbFC1tZKwA==}

  crossws@0.4.12:
    resolution: {integrity: sha512-aypfsr6t0uNvkqaZc6zvBfXzC6pLI0/sIulpkV6RwCVtZqG5ebBzv4weImKK0VNCj91Wl9F5j7p5WU4MNrybng==}
    peerDependencies:
      srvx: '>=0.11.5'
    peerDependenciesMeta:
      srvx:
        optional: true

  dompurify@3.4.14:
    resolution: {integrity: sha512-dVoH9z+MY+C9IilgGCk3YfFqjLi3fChm2OiKJMzh6axrJ5qwxqWaZamgmHrpv22CN/KdbZJuGEGgfQoL00LTdg==}

  es-errors@1.3.0:
    resolution: {integrity: sha512-Zf5H2Kxt2xjTvbJvP2ZWLEICxA6j+hAmMzIlypy4xcBg1vKVnx89Wy0GbS+kf5cwCVFFzdCFh2XSCFNULS6csw==}
    engines: {node: '>= 0.4'}

  esbuild-android-64@0.15.18:
    resolution: {integrity: sha512-wnpt3OXRhcjfIDSZu9bnzT4/TNTDsOUvip0foZOUBG7QbSt//w3QV4FInVJxNhKc/ErhUxc5z4QjHtMi7/TbgA==}
    engines: {node: '>=12'}
    cpu: [x64]
    os: [android]

  esbuild-android-arm64@0.15.18:
    resolution: {integrity: sha512-G4xu89B8FCzav9XU8EjsXacCKSG2FT7wW9J6hOc18soEHJdtWu03L3TQDGf0geNxfLTtxENKBzMSq9LlbjS8OQ==}
    engines: {node: '>=12'}
    cpu: [arm64]
    os: [android]

  esbuild-darwin-64@0.15.18:
    resolution: {integrity: sha512-2WAvs95uPnVJPuYKP0Eqx+Dl/jaYseZEUUT1sjg97TJa4oBtbAKnPnl3b5M9l51/nbx7+QAEtuummJZW0sBEmg==}
    engines: {node: '>=12'}
    cpu: [x64]
    os: [darwin]

  esbuild-darwin-arm64@0.15.18:
    resolution: {integrity: sha512-tKPSxcTJ5OmNb1btVikATJ8NftlyNlc8BVNtyT/UAr62JFOhwHlnoPrhYWz09akBLHI9nElFVfWSTSRsrZiDUA==}
    engines: {node: '>=12'}
    cpu: [arm64]
    os: [darwin]

  esbuild-freebsd-64@0.15.18:
    resolution: {integrity: sha512-TT3uBUxkteAjR1QbsmvSsjpKjOX6UkCstr8nMr+q7zi3NuZ1oIpa8U41Y8I8dJH2fJgdC3Dj3CXO5biLQpfdZA==}
    engines: {node: '>=12'}
    cpu: [x64]
    os: [freebsd]

  esbuild-freebsd-arm64@0.15.18:
    resolution: {integrity: sha512-R/oVr+X3Tkh+S0+tL41wRMbdWtpWB8hEAMsOXDumSSa6qJR89U0S/PpLXrGF7Wk/JykfpWNokERUpCeHDl47wA==}
    engines: {node: '>=12'}
    cpu: [arm64]
    os: [freebsd]

  esbuild-linux-32@0.15.18:
    resolution: {integrity: sha512-lphF3HiCSYtaa9p1DtXndiQEeQDKPl9eN/XNoBf2amEghugNuqXNZA/ZovthNE2aa4EN43WroO0B85xVSjYkbg==}
    engines: {node: '>=12'}
    cpu: [ia32]
    os: [linux]

  esbuild-linux-64@0.15.18:
    resolution: {integrity: sha512-hNSeP97IviD7oxLKFuii5sDPJ+QHeiFTFLoLm7NZQligur8poNOWGIgpQ7Qf8Balb69hptMZzyOBIPtY09GZYw==}
    engines: {node: '>=12'}
    cpu: [x64]
    os: [linux]

  esbuild-linux-arm64@0.15.18:
    resolution: {integrity: sha512-54qr8kg/6ilcxd+0V3h9rjT4qmjc0CccMVWrjOEM/pEcUzt8X62HfBSeZfT2ECpM7104mk4yfQXkosY8Quptug==}
    engines: {node: '>=12'}
    cpu: [arm64]
    os: [linux]

  esbuild-linux-arm@0.15.18:
    resolution: {integrity: sha512-UH779gstRblS4aoS2qpMl3wjg7U0j+ygu3GjIeTonCcN79ZvpPee12Qun3vcdxX+37O5LFxz39XeW2I9bybMVA==}
    engines: {node: '>=12'}
    cpu: [arm]
    os: [linux]

  esbuild-linux-mips64le@0.15.18:
    resolution: {integrity: sha512-Mk6Ppwzzz3YbMl/ZZL2P0q1tnYqh/trYZ1VfNP47C31yT0K8t9s7Z077QrDA/guU60tGNp2GOwCQnp+DYv7bxQ==}
    engines: {node: '>=12'}
    cpu: [mips64el]
    os: [linux]

  esbuild-linux-ppc64le@0.15.18:
    resolution: {integrity: sha512-b0XkN4pL9WUulPTa/VKHx2wLCgvIAbgwABGnKMY19WhKZPT+8BxhZdqz6EgkqCLld7X5qiCY2F/bfpUUlnFZ9w==}
    engines: {node: '>=12'}
    cpu: [ppc64]
    os: [linux]

  esbuild-linux-riscv64@0.15.18:
    resolution: {integrity: sha512-ba2COaoF5wL6VLZWn04k+ACZjZ6NYniMSQStodFKH/Pu6RxzQqzsmjR1t9QC89VYJxBeyVPTaHuBMCejl3O/xg==}
    engines: {node: '>=12'}
    cpu: [riscv64]
    os: [linux]

  esbuild-linux-s390x@0.15.18:
    resolution: {integrity: sha512-VbpGuXEl5FCs1wDVp93O8UIzl3ZrglgnSQ+Hu79g7hZu6te6/YHgVJxCM2SqfIila0J3k0csfnf8VD2W7u2kzQ==}
    engines: {node: '>=12'}
    cpu: [s390x]
    os: [linux]

  esbuild-netbsd-64@0.15.18:
    resolution: {integrity: sha512-98ukeCdvdX7wr1vUYQzKo4kQ0N2p27H7I11maINv73fVEXt2kyh4K4m9f35U1K43Xc2QGXlzAw0K9yoU7JUjOg==}
    engines: {node: '>=12'}
    cpu: [x64]
    os: [netbsd]

  esbuild-openbsd-64@0.15.18:
    resolution: {integrity: sha512-yK5NCcH31Uae076AyQAXeJzt/vxIo9+omZRKj1pauhk3ITuADzuOx5N2fdHrAKPxN+zH3w96uFKlY7yIn490xQ==}
    engines: {node: '>=12'}
    cpu: [x64]
    os: [openbsd]

  esbuild-sunos-64@0.15.18:
    resolution: {integrity: sha512-On22LLFlBeLNj/YF3FT+cXcyKPEI263nflYlAhz5crxtp3yRG1Ugfr7ITyxmCmjm4vbN/dGrb/B7w7U8yJR9yw==}
    engines: {node: '>=12'}
    cpu: [x64]
    os: [sunos]

  esbuild-windows-32@0.15.18:
    resolution: {integrity: sha512-o+eyLu2MjVny/nt+E0uPnBxYuJHBvho8vWsC2lV61A7wwTWC3jkN2w36jtA+yv1UgYkHRihPuQsL23hsCYGcOQ==}
    engines: {node: '>=12'}
    cpu: [ia32]
    os: [win32]

  esbuild-windows-64@0.15.18:
    resolution: {integrity: sha512-qinug1iTTaIIrCorAUjR0fcBk24fjzEedFYhhispP8Oc7SFvs+XeW3YpAKiKp8dRpizl4YYAhxMjlftAMJiaUw==}
    engines: {node: '>=12'}
    cpu: [x64]
    os: [win32]

  esbuild-windows-arm64@0.15.18:
    resolution: {integrity: sha512-q9bsYzegpZcLziq0zgUi5KqGVtfhjxGbnksaBFYmWLxeV/S1fK4OLdq2DFYnXcLMjlZw2L0jLsk1eGoB522WXQ==}
    engines: {node: '>=12'}
    cpu: [arm64]
    os: [win32]

  esbuild@0.15.18:
    resolution: {integrity: sha512-x/R72SmW3sSFRm5zrrIjAhCeQSAWoni3CmHEqfQrZIQTM3lVCdehdwuIqaOtfC2slvpdlLa62GYoN8SxT23m6Q==}
    engines: {node: '>=12'}
    hasBin: true

  fsevents@2.3.3:
    resolution: {integrity: sha512-5xoDfX+fL7faATnagmWPpbFtwh/R77WmMMqqHGS65C3vvB0YHrgF+B1YmZ3441tMj5n63k0212XNoJwzlhffQw==}
    engines: {node: ^8.16.0 || ^10.6.0 || >=11.0.0}
    os: [darwin]

  function-bind@1.1.2:
    resolution: {integrity: sha512-7XHNxH7qX9xG5mIwxkhumTox/MIRNcOgDrxWsMt2pAr23WHp6MrRlN7FBSFpCpr+oVO0F744iUgR82nJMfG2SA==}

  hasown@2.0.4:
    resolution: {integrity: sha512-T2UbfbBEF32wiepXIsMlTW9+dDYC6wMh/t/vYA4tuOMKqWz/n3vr1NFSxQiyP+zk2mXsoMA/i/7qV6LKut1t1A==}
    engines: {node: '>= 0.4'}

  is-core-module@2.16.2:
    resolution: {integrity: sha512-evOr8xfXKxE6qSR0hSXL2r3sd7ALj8+7jQEUvPYcm5sgZFdJ+AYzT6yNmJenvIYQBgIGwfwz08sL8zoL7yq2BA==}
    engines: {node: '>= 0.4'}

  isomorphic.js@0.2.5:
    resolution: {integrity: sha512-PIeMbHqMt4DnUP3MA/Flc0HElYjMXArsw1qwJZcm9sqR8mq3l8NYizFMty0pWwE/tzIGH3EKK5+jes5mAr85yw==}

  kleur@4.1.5:
    resolution: {integrity: sha512-o+NO+8WrRiQEE4/7nwRJhN1HWpVmJm511pBHUxPLtp0BUISzlBplORYSmTclCnJvQq2tKu/sgl3xVpkc7ZWuQQ==}
    engines: {node: '>=6'}

  lib0@0.2.117:
    resolution: {integrity: sha512-DeXj9X5xDCjgKLU/7RR+/HQEVzuuEUiwldwOGsHK/sfAfELGWEyTcf0x+uOvCvK3O2zPmZePXWL85vtia6GyZw==}
    engines: {node: '>=16'}
    hasBin: true

  linkifyjs@4.3.3:
    resolution: {integrity: sha512-P8aEP5U/D1/IlTY2OeYsErdwh9bGuLE30NcXtKEjgdHcahveQoQwM2yZNsioQHsWFz0P7KKudisbrzCgR0sDHg==}

  nanoid@3.3.18:
    resolution: {integrity: sha512-DTg4MJbGMWkfi6VZFdNt2/caMbQy4Ou+Op/hJQvGEWcnVfoA1QA+xzRKAzw9jD6+GVOOeYr/mIcuDSdug6F6+w==}
    engines: {node: ^10 || ^12 || ^13.7 || ^14 || >=15.0.1}
    hasBin: true

  orderedmap@2.1.1:
    resolution: {integrity: sha512-TvAWxi0nDe1j/rtMcWcIj94+Ffe6n7zhow33h40SKxmsmozs6dz/e+EajymfoFcHd7sxNn8yHM8839uixMOV6g==}

  path-parse@1.0.7:
    resolution: {integrity: sha512-LDJzPVEEEPR+y48z93A0Ed0yXb8pAByGWo/k5YYdYgpY2/2EsOsksJrq7lOHxryrVOn1ejG6oAp8ahvOIQD8sw==}

  picocolors@1.1.1:
    resolution: {integrity: sha512-xceH2snhtb5M9liqDsmEw56le376mTZkEX/jEb/RxNFyegNul7eNslCXP9FDj/Lcu0X8KEyMceP2ntpaHrDEVA==}

  postcss@8.5.26:
    resolution: {integrity: sha512-u82N74LFzG8ca+dD8puPnplTXoGH4fTPpVGuIbt36G3qvNlkvfD0lEAZSxaly3KX8TS/L1A1gsCEmvKmBcVbkQ==}
    engines: {node: ^10 || ^12 || >=14}

  prosemirror-changeset@2.4.2:
    resolution: {integrity: sha512-ViYrjMSg3YFiXwIhKaluu+/mi3Yrxt6AR8ri14ulTaGcZtXO1CThl7A2gv79qx5fQnOw8woKwyBU2u+9PVCm3w==}

  prosemirror-commands@1.7.2:
    resolution: {integrity: sha512-q6Q6szxqdu9Xd6EcdKsqXghu5nQdZTpB4Q9yd04WRc7/jt763e/rT60Owh0L1GYY+T46o5rD+9lEN36dZS43tw==}

  prosemirror-dropcursor@1.8.3:
    resolution: {integrity: sha512-FoYbsJR8gK+DGlqhNoE29Loa38eIZPzQRIb1VMaDNBoo4OLP6vVof/jR8qFY/6XvUd6Dhug8MDCHl2a/h8RTfQ==}

  prosemirror-gapcursor@1.4.1:
    resolution: {integrity: sha512-pMdYaEnjNMSwl11yjEGtgTmLkR08m/Vl+Jj443167p9eB3HVQKhYCc4gmHVDsLPODfZfjr/MmirsdyZziXbQKw==}

  prosemirror-history@1.5.0:
    resolution: {integrity: sha512-zlzTiH01eKA55UAf1MEjtssJeHnGxO0j4K4Dpx+gnmX9n+SHNlDqI2oO1Kv1iPN5B1dm5fsljCfqKF9nFL6HRg==}

  prosemirror-inputrules@1.5.1:
    resolution: {integrity: sha512-7wj4uMjKaXWAQ1CDgxNzNtR9AlsuwzHfdFH1ygEHA2KHF2DOEaXl1CJfNPAKCg9qNEh4rum975QLaCiQPyY6Fw==}

  prosemirror-keymap@1.2.3:
    resolution: {integrity: sha512-4HucRlpiLd1IPQQXNqeo81BGtkY8Ai5smHhKW9jjPKRc2wQIxksg7Hl1tTI2IfT2B/LgX6bfYvXxEpJl7aKYKw==}

  prosemirror-model@1.25.11:
    resolution: {integrity: sha512-QWg9RhnpLlogAmp3p96uEFrE5txQpFynd4vhBAELkwgOCWQs/X0yCzB3/hrHqiPwf91RG5KyWq6553zs9JqIOQ==}

  prosemirror-schema-list@1.5.1:
    resolution: {integrity: sha512-927lFx/uwyQaGwJxLWCZRkjXG0p48KpMj6ueoYiu4JX05GGuGcgzAy62dfiV8eFZftgyBUvLx76RsMe20fJl+Q==}

  prosemirror-state@1.4.4:
    resolution: {integrity: sha512-6jiYHH2CIGbCfnxdHbXZ12gySFY/fz/ulZE333G6bPqIZ4F+TXo9ifiR86nAHpWnfoNjOb3o5ESi7J8Uz1jXHw==}

  prosemirror-tables@1.8.5:
    resolution: {integrity: sha512-V/0cDCsHKHe/tfWkeCmthNUcEp1IVO3p6vwN8XtwE9PZQLAZJigbw3QoraAdfJPir4NKJtNvOB8oYGKRl+t0Dw==}

  prosemirror-transform@1.12.0:
    resolution: {integrity: sha512-GxboyN4AMIsoHNtz5uf2r2Ru551i5hWeCMD6E2Ib4Eogqoub0NflniaBPVQ4MrGE5yZ8JV9tUHg9qcZTTrcN4w==}

  prosemirror-view@1.42.3:
    resolution: {integrity: sha512-oTN7EtH+CpwxU9NrwEYWd0UZ4JUx7l048l5A2Xppm4p/60isZYLnth9QVQmC3VRIvdrIWCxwZSd+Uz791G31/w==}

  resolve@1.22.12:
    resolution: {integrity: sha512-TyeJ1zif53BPfHootBGwPRYT1RUt6oGWsaQr8UyZW/eAm9bKoijtvruSDEmZHm92CwS9nj7/fWttqPCgzep8CA==}
    engines: {node: '>= 0.4'}
    hasBin: true

  rollup@2.80.0:
    resolution: {integrity: sha512-cIFJOD1DESzpjOBl763Kp1AH7UE/0fcdHe6rZXUdQ9c50uvgigvW97u3IcSeBwOkgqL/PXPBktBCh0KEu5L8XQ==}
    engines: {node: '>=10.0.0'}
    hasBin: true

  rope-sequence@1.3.4:
    resolution: {integrity: sha512-UT5EDe2cu2E/6O4igUr5PSFs23nvvukicWHx6GnOPlHAiiYbzNuCRQCuiUdHJQcqKalLKlrYJnjY0ySGsXNQXQ==}

  source-map-js@1.2.1:
    resolution: {integrity: sha512-UXWMKhLOwVKb728IUtQPXxfYU+usdybtUrK/8uGE8CQMvrhOpwvzDBwj0QhSL7MQc7vIsISBG8VQ8+IDQxpfQA==}
    engines: {node: '>=0.10.0'}

  supports-preserve-symlinks-flag@1.0.0:
    resolution: {integrity: sha512-ot0WnXS9fgdkgIcePe6RHNk1WA8+muPa6cSjeR3V8K27q9BB1rTE3R1p7Hv0z1ZyAc8s6Vvv8DIyWf681MAt0w==}
    engines: {node: '>= 0.4'}

  tslib@2.8.1:
    resolution: {integrity: sha512-oJFu94HQb+KVduSUQL7wnpmqnfmLsOA/nAh6b6EH0wCEoK0/mPeXU6c3wKDV83MkOuHPRHtSXKKU99IBazS/2w==}

  vite@3.2.11:
    resolution: {integrity: sha512-K/jGKL/PgbIgKCiJo5QbASQhFiV02X9Jh+Qq0AKCRCRKZtOTVi4t6wh75FDpGf2N9rYOnzH87OEFQNaFy6pdxQ==}
    engines: {node: ^14.18.0 || >=16.0.0}
    hasBin: true
    peerDependencies:
      '@types/node': '>= 14'
      less: '*'
      sass: '*'
      stylus: '*'
      sugarss: '*'
      terser: ^5.4.0
    peerDependenciesMeta:
      '@types/node':
        optional: true
      less:
        optional: true
      sass:
        optional: true
      stylus:
        optional: true
      sugarss:
        optional: true
      terser:
        optional: true

  w3c-keyname@2.2.8:
    resolution: {integrity: sha512-dpojBhNsCNN7T82Tm7k26A6G9ML3NkhDsnw9n/eoxSRlVBB4CEtIQ/KTCLI2Fwf3ataSXRhYFkQi3SlnFwPvPQ==}

  y-protocols@1.0.7:
    resolution: {integrity: sha512-YSVsLoXxO67J6eE/nV4AtFtT3QEotZf5sK5BHxFBXso7VDUT3Tx07IfA6hsu5Q5OmBdMkQVmFZ9QOA7fikWvnw==}
    engines: {node: '>=16.0.0', npm: '>=8.0.0'}
    peerDependencies:
      yjs: ^13.0.0

  yjs@13.6.32:
    resolution: {integrity: sha512-lfiJIIC4Xayt5ItynE407ehlE03pCjeOc4hkR4yxxvvNJ4kuiN25B0g+Qp8XagYz361LLL7DCzR5bvFJ81QKtQ==}
    engines: {node: '>=16.0.0', npm: '>=8.0.0'}

snapshots:

  '@esbuild/android-arm@0.15.18':
    optional: true

  '@esbuild/linux-loong64@0.15.18':
    optional: true

  '@hocuspocus/common@4.6.0':
    dependencies:
      lib0: 0.2.117

  '@hocuspocus/provider@4.6.0(y-protocols@1.0.7(yjs@13.6.32))(yjs@13.6.32)':
    dependencies:
      '@hocuspocus/common': 4.6.0
      '@lifeomic/attempt': 3.1.0
      lib0: 0.2.117
      y-protocols: 1.0.7(yjs@13.6.32)
      yjs: 13.6.32

  '@hocuspocus/server@4.6.0(y-protocols@1.0.7(yjs@13.6.32))(yjs@13.6.32)':
    dependencies:
      '@hocuspocus/common': 4.6.0
      async-mutex: 0.5.0
      crossws: 0.4.12
      kleur: 4.1.5
      lib0: 0.2.117
      y-protocols: 1.0.7(yjs@13.6.32)
      yjs: 13.6.32
    transitivePeerDependencies:
      - srvx

  '@lifeomic/attempt@3.1.0': {}

  '@tiptap/core@3.30.0(@tiptap/pm@3.30.0)':
    dependencies:
      '@tiptap/pm': 3.30.0

  '@tiptap/extension-blockquote@3.30.0(@tiptap/core@3.30.0(@tiptap/pm@3.30.0))(@tiptap/pm@3.30.0)':
    dependencies:
      '@tiptap/core': 3.30.0(@tiptap/pm@3.30.0)
      '@tiptap/pm': 3.30.0

  '@tiptap/extension-bold@3.30.0(@tiptap/core@3.30.0(@tiptap/pm@3.30.0))':
    dependencies:
      '@tiptap/core': 3.30.0(@tiptap/pm@3.30.0)

  '@tiptap/extension-bullet-list@3.30.0(@tiptap/extension-list@3.30.0(@tiptap/core@3.30.0(@tiptap/pm@3.30.0))(@tiptap/pm@3.30.0))':
    dependencies:
      '@tiptap/extension-list': 3.30.0(@tiptap/core@3.30.0(@tiptap/pm@3.30.0))(@tiptap/pm@3.30.0)

  '@tiptap/extension-code-block@3.30.0(@tiptap/core@3.30.0(@tiptap/pm@3.30.0))(@tiptap/pm@3.30.0)':
    dependencies:
      '@tiptap/core': 3.30.0(@tiptap/pm@3.30.0)
      '@tiptap/pm': 3.30.0

  '@tiptap/extension-code@3.30.0(@tiptap/core@3.30.0(@tiptap/pm@3.30.0))':
    dependencies:
      '@tiptap/core': 3.30.0(@tiptap/pm@3.30.0)

  '@tiptap/extension-collaboration@3.30.0(@tiptap/core@3.30.0(@tiptap/pm@3.30.0))(@tiptap/pm@3.30.0)(@tiptap/y-tiptap@3.0.9(prosemirror-model@1.25.11)(prosemirror-state@1.4.4)(prosemirror-view@1.42.3)(y-protocols@1.0.7(yjs@13.6.32))(yjs@13.6.32))(yjs@13.6.32)':
    dependencies:
      '@tiptap/core': 3.30.0(@tiptap/pm@3.30.0)
      '@tiptap/pm': 3.30.0
      '@tiptap/y-tiptap': 3.0.9(prosemirror-model@1.25.11)(prosemirror-state@1.4.4)(prosemirror-view@1.42.3)(y-protocols@1.0.7(yjs@13.6.32))(yjs@13.6.32)
      yjs: 13.6.32

  '@tiptap/extension-document@3.30.0(@tiptap/core@3.30.0(@tiptap/pm@3.30.0))':
    dependencies:
      '@tiptap/core': 3.30.0(@tiptap/pm@3.30.0)

  '@tiptap/extension-dropcursor@3.30.0(@tiptap/extensions@3.30.0(@tiptap/core@3.30.0(@tiptap/pm@3.30.0))(@tiptap/pm@3.30.0))':
    dependencies:
      '@tiptap/extensions': 3.30.0(@tiptap/core@3.30.0(@tiptap/pm@3.30.0))(@tiptap/pm@3.30.0)

  '@tiptap/extension-gapcursor@3.30.0(@tiptap/extensions@3.30.0(@tiptap/core@3.30.0(@tiptap/pm@3.30.0))(@tiptap/pm@3.30.0))':
    dependencies:
      '@tiptap/extensions': 3.30.0(@tiptap/core@3.30.0(@tiptap/pm@3.30.0))(@tiptap/pm@3.30.0)

  '@tiptap/extension-hard-break@3.30.0(@tiptap/core@3.30.0(@tiptap/pm@3.30.0))':
    dependencies:
      '@tiptap/core': 3.30.0(@tiptap/pm@3.30.0)

  '@tiptap/extension-heading@3.30.0(@tiptap/core@3.30.0(@tiptap/pm@3.30.0))':
    dependencies:
      '@tiptap/core': 3.30.0(@tiptap/pm@3.30.0)

  '@tiptap/extension-horizontal-rule@3.30.0(@tiptap/core@3.30.0(@tiptap/pm@3.30.0))(@tiptap/pm@3.30.0)':
    dependencies:
      '@tiptap/core': 3.30.0(@tiptap/pm@3.30.0)
      '@tiptap/pm': 3.30.0

  '@tiptap/extension-italic@3.30.0(@tiptap/core@3.30.0(@tiptap/pm@3.30.0))':
    dependencies:
      '@tiptap/core': 3.30.0(@tiptap/pm@3.30.0)

  '@tiptap/extension-link@3.30.0(@tiptap/core@3.30.0(@tiptap/pm@3.30.0))(@tiptap/pm@3.30.0)':
    dependencies:
      '@tiptap/core': 3.30.0(@tiptap/pm@3.30.0)
      '@tiptap/pm': 3.30.0
      linkifyjs: 4.3.3

  '@tiptap/extension-list-item@3.30.0(@tiptap/extension-list@3.30.0(@tiptap/core@3.30.0(@tiptap/pm@3.30.0))(@tiptap/pm@3.30.0))':
    dependencies:
      '@tiptap/extension-list': 3.30.0(@tiptap/core@3.30.0(@tiptap/pm@3.30.0))(@tiptap/pm@3.30.0)

  '@tiptap/extension-list-keymap@3.30.0(@tiptap/extension-list@3.30.0(@tiptap/core@3.30.0(@tiptap/pm@3.30.0))(@tiptap/pm@3.30.0))':
    dependencies:
      '@tiptap/extension-list': 3.30.0(@tiptap/core@3.30.0(@tiptap/pm@3.30.0))(@tiptap/pm@3.30.0)

  '@tiptap/extension-list@3.30.0(@tiptap/core@3.30.0(@tiptap/pm@3.30.0))(@tiptap/pm@3.30.0)':
    dependencies:
      '@tiptap/core': 3.30.0(@tiptap/pm@3.30.0)
      '@tiptap/pm': 3.30.0

  '@tiptap/extension-ordered-list@3.30.0(@tiptap/extension-list@3.30.0(@tiptap/core@3.30.0(@tiptap/pm@3.30.0))(@tiptap/pm@3.30.0))':
    dependencies:
      '@tiptap/extension-list': 3.30.0(@tiptap/core@3.30.0(@tiptap/pm@3.30.0))(@tiptap/pm@3.30.0)

  '@tiptap/extension-paragraph@3.30.0(@tiptap/core@3.30.0(@tiptap/pm@3.30.0))':
    dependencies:
      '@tiptap/core': 3.30.0(@tiptap/pm@3.30.0)

  '@tiptap/extension-strike@3.30.0(@tiptap/core@3.30.0(@tiptap/pm@3.30.0))':
    dependencies:
      '@tiptap/core': 3.30.0(@tiptap/pm@3.30.0)

  '@tiptap/extension-text@3.30.0(@tiptap/core@3.30.0(@tiptap/pm@3.30.0))':
    dependencies:
      '@tiptap/core': 3.30.0(@tiptap/pm@3.30.0)

  '@tiptap/extension-underline@3.30.0(@tiptap/core@3.30.0(@tiptap/pm@3.30.0))':
    dependencies:
      '@tiptap/core': 3.30.0(@tiptap/pm@3.30.0)

  '@tiptap/extensions@3.30.0(@tiptap/core@3.30.0(@tiptap/pm@3.30.0))(@tiptap/pm@3.30.0)':
    dependencies:
      '@tiptap/core': 3.30.0(@tiptap/pm@3.30.0)
      '@tiptap/pm': 3.30.0

  '@tiptap/pm@3.30.0':
    dependencies:
      prosemirror-changeset: 2.4.2
      prosemirror-commands: 1.7.2
      prosemirror-dropcursor: 1.8.3
      prosemirror-gapcursor: 1.4.1
      prosemirror-history: 1.5.0
      prosemirror-inputrules: 1.5.1
      prosemirror-keymap: 1.2.3
      prosemirror-model: 1.25.11
      prosemirror-schema-list: 1.5.1
      prosemirror-state: 1.4.4
      prosemirror-tables: 1.8.5
      prosemirror-transform: 1.12.0
      prosemirror-view: 1.42.3

  '@tiptap/starter-kit@3.30.0':
    dependencies:
      '@tiptap/core': 3.30.0(@tiptap/pm@3.30.0)
      '@tiptap/extension-blockquote': 3.30.0(@tiptap/core@3.30.0(@tiptap/pm@3.30.0))(@tiptap/pm@3.30.0)
      '@tiptap/extension-bold': 3.30.0(@tiptap/core@3.30.0(@tiptap/pm@3.30.0))
      '@tiptap/extension-bullet-list': 3.30.0(@tiptap/extension-list@3.30.0(@tiptap/core@3.30.0(@tiptap/pm@3.30.0))(@tiptap/pm@3.30.0))
      '@tiptap/extension-code': 3.30.0(@tiptap/core@3.30.0(@tiptap/pm@3.30.0))
      '@tiptap/extension-code-block': 3.30.0(@tiptap/core@3.30.0(@tiptap/pm@3.30.0))(@tiptap/pm@3.30.0)
      '@tiptap/extension-document': 3.30.0(@tiptap/core@3.30.0(@tiptap/pm@3.30.0))
      '@tiptap/extension-dropcursor': 3.30.0(@tiptap/extensions@3.30.0(@tiptap/core@3.30.0(@tiptap/pm@3.30.0))(@tiptap/pm@3.30.0))
      '@tiptap/extension-gapcursor': 3.30.0(@tiptap/extensions@3.30.0(@tiptap/core@3.30.0(@tiptap/pm@3.30.0))(@tiptap/pm@3.30.0))
      '@tiptap/extension-hard-break': 3.30.0(@tiptap/core@3.30.0(@tiptap/pm@3.30.0))
      '@tiptap/extension-heading': 3.30.0(@tiptap/core@3.30.0(@tiptap/pm@3.30.0))
      '@tiptap/extension-horizontal-rule': 3.30.0(@tiptap/core@3.30.0(@tiptap/pm@3.30.0))(@tiptap/pm@3.30.0)
      '@tiptap/extension-italic': 3.30.0(@tiptap/core@3.30.0(@tiptap/pm@3.30.0))
      '@tiptap/extension-link': 3.30.0(@tiptap/core@3.30.0(@tiptap/pm@3.30.0))(@tiptap/pm@3.30.0)
      '@tiptap/extension-list': 3.30.0(@tiptap/core@3.30.0(@tiptap/pm@3.30.0))(@tiptap/pm@3.30.0)
      '@tiptap/extension-list-item': 3.30.0(@tiptap/extension-list@3.30.0(@tiptap/core@3.30.0(@tiptap/pm@3.30.0))(@tiptap/pm@3.30.0))
      '@tiptap/extension-list-keymap': 3.30.0(@tiptap/extension-list@3.30.0(@tiptap/core@3.30.0(@tiptap/pm@3.30.0))(@tiptap/pm@3.30.0))
      '@tiptap/extension-ordered-list': 3.30.0(@tiptap/extension-list@3.30.0(@tiptap/core@3.30.0(@tiptap/pm@3.30.0))(@tiptap/pm@3.30.0))
      '@tiptap/extension-paragraph': 3.30.0(@tiptap/core@3.30.0(@tiptap/pm@3.30.0))
      '@tiptap/extension-strike': 3.30.0(@tiptap/core@3.30.0(@tiptap/pm@3.30.0))
      '@tiptap/extension-text': 3.30.0(@tiptap/core@3.30.0(@tiptap/pm@3.30.0))
      '@tiptap/extension-underline': 3.30.0(@tiptap/core@3.30.0(@tiptap/pm@3.30.0))
      '@tiptap/extensions': 3.30.0(@tiptap/core@3.30.0(@tiptap/pm@3.30.0))(@tiptap/pm@3.30.0)
      '@tiptap/pm': 3.30.0

  '@tiptap/y-tiptap@3.0.9(prosemirror-model@1.25.11)(prosemirror-state@1.4.4)(prosemirror-view@1.42.3)(y-protocols@1.0.7(yjs@13.6.32))(yjs@13.6.32)':
    dependencies:
      lib0: 0.2.117
      prosemirror-model: 1.25.11
      prosemirror-state: 1.4.4
      prosemirror-view: 1.42.3
      y-protocols: 1.0.7(yjs@13.6.32)
      yjs: 13.6.32

  '@types/trusted-types@2.0.7':
    optional: true

  async-mutex@0.5.0:
    dependencies:
      tslib: 2.8.1

  crossws@0.4.12: {}

  dompurify@3.4.14:
    optionalDependencies:
      '@types/trusted-types': 2.0.7

  es-errors@1.3.0: {}

  esbuild-android-64@0.15.18:
    optional: true

  esbuild-android-arm64@0.15.18:
    optional: true

  esbuild-darwin-64@0.15.18:
    optional: true

  esbuild-darwin-arm64@0.15.18:
    optional: true

  esbuild-freebsd-64@0.15.18:
    optional: true

  esbuild-freebsd-arm64@0.15.18:
    optional: true

  esbuild-linux-32@0.15.18:
    optional: true

  esbuild-linux-64@0.15.18:
    optional: true

  esbuild-linux-arm64@0.15.18:
    optional: true

  esbuild-linux-arm@0.15.18:
    optional: true

  esbuild-linux-mips64le@0.15.18:
    optional: true

  esbuild-linux-ppc64le@0.15.18:
    optional: true

  esbuild-linux-riscv64@0.15.18:
    optional: true

  esbuild-linux-s390x@0.15.18:
    optional: true

  esbuild-netbsd-64@0.15.18:
    optional: true

  esbuild-openbsd-64@0.15.18:
    optional: true

  esbuild-sunos-64@0.15.18:
    optional: true

  esbuild-windows-32@0.15.18:
    optional: true

  esbuild-windows-64@0.15.18:
    optional: true

  esbuild-windows-arm64@0.15.18:
    optional: true

  esbuild@0.15.18:
    optionalDependencies:
      '@esbuild/android-arm': 0.15.18
      '@esbuild/linux-loong64': 0.15.18
      esbuild-android-64: 0.15.18
      esbuild-android-arm64: 0.15.18
      esbuild-darwin-64: 0.15.18
      esbuild-darwin-arm64: 0.15.18
      esbuild-freebsd-64: 0.15.18
      esbuild-freebsd-arm64: 0.15.18
      esbuild-linux-32: 0.15.18
      esbuild-linux-64: 0.15.18
      esbuild-linux-arm: 0.15.18
      esbuild-linux-arm64: 0.15.18
      esbuild-linux-mips64le: 0.15.18
      esbuild-linux-ppc64le: 0.15.18
      esbuild-linux-riscv64: 0.15.18
      esbuild-linux-s390x: 0.15.18
      esbuild-netbsd-64: 0.15.18
      esbuild-openbsd-64: 0.15.18
      esbuild-sunos-64: 0.15.18
      esbuild-windows-32: 0.15.18
      esbuild-windows-64: 0.15.18
      esbuild-windows-arm64: 0.15.18

  fsevents@2.3.3:
    optional: true

  function-bind@1.1.2: {}

  hasown@2.0.4:
    dependencies:
      function-bind: 1.1.2

  is-core-module@2.16.2:
    dependencies:
      hasown: 2.0.4

  isomorphic.js@0.2.5: {}

  kleur@4.1.5: {}

  lib0@0.2.117:
    dependencies:
      isomorphic.js: 0.2.5

  linkifyjs@4.3.3: {}

  nanoid@3.3.18: {}

  orderedmap@2.1.1: {}

  path-parse@1.0.7: {}

  picocolors@1.1.1: {}

  postcss@8.5.26:
    dependencies:
      nanoid: 3.3.18
      picocolors: 1.1.1
      source-map-js: 1.2.1

  prosemirror-changeset@2.4.2:
    dependencies:
      prosemirror-transform: 1.12.0

  prosemirror-commands@1.7.2:
    dependencies:
      prosemirror-model: 1.25.11
      prosemirror-state: 1.4.4
      prosemirror-transform: 1.12.0

  prosemirror-dropcursor@1.8.3:
    dependencies:
      prosemirror-state: 1.4.4
      prosemirror-transform: 1.12.0
      prosemirror-view: 1.42.3

  prosemirror-gapcursor@1.4.1:
    dependencies:
      prosemirror-keymap: 1.2.3
      prosemirror-model: 1.25.11
      prosemirror-state: 1.4.4
      prosemirror-view: 1.42.3

  prosemirror-history@1.5.0:
    dependencies:
      prosemirror-state: 1.4.4
      prosemirror-transform: 1.12.0
      prosemirror-view: 1.42.3
      rope-sequence: 1.3.4

  prosemirror-inputrules@1.5.1:
    dependencies:
      prosemirror-state: 1.4.4
      prosemirror-transform: 1.12.0

  prosemirror-keymap@1.2.3:
    dependencies:
      prosemirror-state: 1.4.4
      w3c-keyname: 2.2.8

  prosemirror-model@1.25.11:
    dependencies:
      orderedmap: 2.1.1

  prosemirror-schema-list@1.5.1:
    dependencies:
      prosemirror-model: 1.25.11
      prosemirror-state: 1.4.4
      prosemirror-transform: 1.12.0

  prosemirror-state@1.4.4:
    dependencies:
      prosemirror-model: 1.25.11
      prosemirror-transform: 1.12.0
      prosemirror-view: 1.42.3

  prosemirror-tables@1.8.5:
    dependencies:
      prosemirror-keymap: 1.2.3
      prosemirror-model: 1.25.11
      prosemirror-state: 1.4.4
      prosemirror-transform: 1.12.0
      prosemirror-view: 1.42.3

  prosemirror-transform@1.12.0:
    dependencies:
      prosemirror-model: 1.25.11

  prosemirror-view@1.42.3:
    dependencies:
      prosemirror-model: 1.25.11
      prosemirror-state: 1.4.4
      prosemirror-transform: 1.12.0

  resolve@1.22.12:
    dependencies:
      es-errors: 1.3.0
      is-core-module: 2.16.2
      path-parse: 1.0.7
      supports-preserve-symlinks-flag: 1.0.0

  rollup@2.80.0:
    optionalDependencies:
      fsevents: 2.3.3

  rope-sequence@1.3.4: {}

  source-map-js@1.2.1: {}

  supports-preserve-symlinks-flag@1.0.0: {}

  tslib@2.8.1: {}

  vite@3.2.11:
    dependencies:
      esbuild: 0.15.18
      postcss: 8.5.26
      resolve: 1.22.12
      rollup: 2.80.0
    optionalDependencies:
      fsevents: 2.3.3

  w3c-keyname@2.2.8: {}

  y-protocols@1.0.7(yjs@13.6.32):
    dependencies:
      lib0: 0.2.117
      yjs: 13.6.32

  yjs@13.6.32:
    dependencies:
      lib0: 0.2.117
